
Microsoft Visual Studio Solution File, Format Version 12.00
# Visual Studio Version 16
VisualStudioVersion = 16.0.31729.503
MinimumVisualStudioVersion = 10.0.40219.1
Project("{FAE04EC0-301F-11D3-BF4B-00C04F79EFBC}") = "PrimeCalc", "PrimeCalc.csproj", "{280F00F1-7193-4461-BECE-29E88DAE883D}"
EndProject
Global
	GlobalSection(SolutionConfigurationPlatforms) = preSolution
		Debug|Any CPU = Debug|Any CPU
		Release|Any CPU = Release|Any CPU
	EndGlobalSection
	GlobalSection(ProjectConfigurationPlatforms) = postSolution
		{280F00F1-7193-4461-BECE-29E88DAE883D}.Debug|Any CPU.ActiveCfg = Debug|Any CPU
		{280F00F1-7193-4461-BECE-29E88DAE883D}.Debug|Any CPU.Build.0 = Debug|Any CPU
		{280F00F1-7193-4461-BECE-29E88DAE883D}.Release|Any CPU.ActiveCfg = Release|Any CPU
		{280F00F1-7193-4461-BECE-29E88DAE883D}.Release|Any CPU.Build.0 = Release|Any CPU
	EndGlobalSection
	GlobalSection(SolutionProperties) = preSolution
		HideSolutionNode = FALSE
	EndGlobalSection
	GlobalSection(ExtensibilityGlobals) = postSolution
		SolutionGuid = {E75B94BB-0009-41A8-B46D-A0153EAB3EDB}
	EndGlobalSection
EndGlobal
