
Microsoft Visual Studio Solution File, Format Version 12.00
# Visual Studio Version 16
VisualStudioVersion = 16.0.31729.503
MinimumVisualStudioVersion = 10.0.40219.1
Project("{9A19103F-16F7-4668-BE54-9A1E7A4F7556}") = "OS1_processGui", "OS1_processGui\OS1_processGui.csproj", "{606E08A9-C13A-4A45-B088-D9D8C2909A00}"
EndProject
Global
	GlobalSection(SolutionConfigurationPlatforms) = preSolution
		Debug|Any CPU = Debug|Any CPU
		Release|Any CPU = Release|Any CPU
	EndGlobalSection
	GlobalSection(ProjectConfigurationPlatforms) = postSolution
		{606E08A9-C13A-4A45-B088-D9D8C2909A00}.Debug|Any CPU.ActiveCfg = Debug|Any CPU
		{606E08A9-C13A-4A45-B088-D9D8C2909A00}.Debug|Any CPU.Build.0 = Debug|Any CPU
		{606E08A9-C13A-4A45-B088-D9D8C2909A00}.Release|Any CPU.ActiveCfg = Release|Any CPU
		{606E08A9-C13A-4A45-B088-D9D8C2909A00}.Release|Any CPU.Build.0 = Release|Any CPU
	EndGlobalSection
	GlobalSection(SolutionProperties) = preSolution
		HideSolutionNode = FALSE
	EndGlobalSection
	GlobalSection(ExtensibilityGlobals) = postSolution
		SolutionGuid = {2C06122B-FF86-42C0-88E6-F120B14F7977}
	EndGlobalSection
EndGlobal
